
Microsoft Visual Studio Solution File, Format Version 12.00
# Visual Studio Version 17
VisualStudioVersion = 17.13.35806.99 d17.13
MinimumVisualStudioVersion = 10.0.40219.1
Project("{FAE04EC0-301F-11D3-BF4B-00C04F79EFBC}") = "AtividadeDIP", "AtividadeDIP\AtividadeDIP.csproj", "{0927FB80-DFF4-4BB8-88DB-537106B55386}"
EndProject
Global
	GlobalSection(SolutionConfigurationPlatforms) = preSolution
		Debug|Any CPU = Debug|Any CPU
		Release|Any CPU = Release|Any CPU
	EndGlobalSection
	GlobalSection(ProjectConfigurationPlatforms) = postSolution
		{0927FB80-DFF4-4BB8-88DB-537106B55386}.Debug|Any CPU.ActiveCfg = Debug|Any CPU
		{0927FB80-DFF4-4BB8-88DB-537106B55386}.Debug|Any CPU.Build.0 = Debug|Any CPU
		{0927FB80-DFF4-4BB8-88DB-537106B55386}.Release|Any CPU.ActiveCfg = Release|Any CPU
		{0927FB80-DFF4-4BB8-88DB-537106B55386}.Release|Any CPU.Build.0 = Release|Any CPU
	EndGlobalSection
	GlobalSection(SolutionProperties) = preSolution
		HideSolutionNode = FALSE
	EndGlobalSection
	GlobalSection(ExtensibilityGlobals) = postSolution
		SolutionGuid = {4245760B-F3A2-449C-A63B-7D4E2A5CE717}
	EndGlobalSection
EndGlobal
